<?xml version="1.0" encoding="utf-8"?>
<Project ToolsVersion="4.0" xmlns="http://schemas.microsoft.com/developer/msbuild/2003">
  <ItemGroup>
    <Filter Include="Assets">
      <UniqueIdentifier>7b9a40cf-6ab8-41e8-91af-165d6cffa8eb</UniqueIdentifier>
      <Extensions>bmp;dds;fbx;gif;jpg;jpeg;tga;tiff;tif;png</Extensions>
    </Filter>
    <Filter Include="Engine">
      <UniqueIdentifier>{f24bb42d-91f2-485a-ba95-e93643d47a6f}</UniqueIdentifier>
    </Filter>
    <Filter Include="Engine\Math">
      <UniqueIdentifier>{82582156-e151-4173-bc7d-b0dee3f44278}</UniqueIdentifier>
    </Filter>
    <Filter Include="Engine\Components">
      <UniqueIdentifier>{1f930292-d643-4911-b2ac-6145086f3b8e}</UniqueIdentifier>
    </Filter>
    <Filter Include="Engine\Common">
      <UniqueIdentifier>5ca5696d-4d72-49b1-8b20-58cc4e2ddf26</UniqueIdentifier>
    </Filter>
    <Filter Include="Engine\Base">
      <UniqueIdentifier>{f504e622-3bee-4c80-ac4c-cf6409eb36c3}</UniqueIdentifier>
    </Filter>
    <Filter Include="App">
      <UniqueIdentifier>{0a546c42-74c1-425e-82c6-3477b8a2eba1}</UniqueIdentifier>
    </Filter>
  </ItemGroup>
  <ItemGroup>
    <ClCompile Include="pch.cpp" />
    <ClCompile Include="Main.cpp" />
    <ClCompile Include="DeviceResources.cpp">
      <Filter>Engine\Common</Filter>
    </ClCompile>
    <ClCompile Include="BaseObject.cpp">
      <Filter>Engine\Base</Filter>
    </ClCompile>
    <ClCompile Include="BaseComponent.cpp">
      <Filter>Engine\Base</Filter>
    </ClCompile>
    <ClCompile Include="Vec2.cpp">
      <Filter>Engine\Math</Filter>
    </ClCompile>
    <ClCompile Include="Transform2D.cpp">
      <Filter>Engine\Base</Filter>
    </ClCompile>
    <ClCompile Include="Game.cpp">
      <Filter>App</Filter>
    </ClCompile>
    <ClCompile Include="VisualComponent.cpp">
      <Filter>Engine\Components</Filter>
    </ClCompile>
    <ClCompile Include="TextComponent.cpp">
      <Filter>Engine\Components</Filter>
    </ClCompile>
    <ClCompile Include="Sprite.cpp">
      <Filter>Engine\Common</Filter>
    </ClCompile>
  </ItemGroup>
  <ItemGroup>
    <ClInclude Include="pch.h" />
    <ClInclude Include="StepTimer.h">
      <Filter>Engine\Common</Filter>
    </ClInclude>
    <ClInclude Include="DeviceResources.h">
      <Filter>Engine\Common</Filter>
    </ClInclude>
    <ClInclude Include="BaseObject.h">
      <Filter>Engine\Base</Filter>
    </ClInclude>
    <ClInclude Include="BaseComponent.h">
      <Filter>Engine\Base</Filter>
    </ClInclude>
    <ClInclude Include="Vec2.h">
      <Filter>Engine\Math</Filter>
    </ClInclude>
    <ClInclude Include="Util.h">
      <Filter>Engine\Math</Filter>
    </ClInclude>
    <ClInclude Include="Transform2D.h">
      <Filter>Engine\Base</Filter>
    </ClInclude>
    <ClInclude Include="Game.h">
      <Filter>App</Filter>
    </ClInclude>
    <ClInclude Include="VisualComponent.h">
      <Filter>Engine\Components</Filter>
    </ClInclude>
    <ClInclude Include="TextComponent.h">
      <Filter>Engine\Components</Filter>
    </ClInclude>
    <ClInclude Include="Sprite.h">
      <Filter>Engine\Common</Filter>
    </ClInclude>
  </ItemGroup>
  <ItemGroup>
    <Image Include="Assets\Logo.scale-200.png">
      <Filter>Assets</Filter>
    </Image>
    <Image Include="Assets\SmallLogo.scale-200.png">
      <Filter>Assets</Filter>
    </Image>
    <Image Include="Assets\SplashScreen.scale-200.png">
      <Filter>Assets</Filter>
    </Image>
    <Image Include="Assets\StoreLogo.png">
      <Filter>Assets</Filter>
    </Image>
    <Image Include="Assets\WideLogo.scale-200.png">
      <Filter>Assets</Filter>
    </Image>
    <Image Include="Assets\cat.png">
      <Filter>Assets</Filter>
    </Image>
    <Image Include="Assets\rocks.jpg">
      <Filter>Assets</Filter>
    </Image>
    <Image Include="Assets\rocks_normalmap.dds">
      <Filter>Assets</Filter>
    </Image>
  </ItemGroup>
  <ItemGroup>
    <AppxManifest Include="Package.appxmanifest" />
  </ItemGroup>
  <ItemGroup>
    <None Include="Arkanoid_TemporaryKey.pfx" />
    <None Include="packages.config" />
    <None Include="Assets\courier.spritefont">
      <Filter>Assets</Filter>
    </None>
  </ItemGroup>
</Project>